Microsoft Visual Studio Solution File, Format Version 12.00
# Visual Studio 2013
Project("{2150E333-8FDC-42A3-9474-1A3956D46DE8}") = "Batch", "Batch", "{AE7D795A-63E1-3FEB-9AFC-5769CFAC715E}"
EndProject
Project("{2150E333-8FDC-42A3-9474-1A3956D46DE8}") = "CMakePredefinedTargets", "CMakePredefinedTargets", "{B29C7DC2-070A-3CFB-B8AE-73CCFD200A83}"
EndProject
Project("{2150E333-8FDC-42A3-9474-1A3956D46DE8}") = "Commands", "Commands", "{581F4C1D-5A9D-384D-BE72-B69BD0642522}"
EndProject
Project("{2150E333-8FDC-42A3-9474-1A3956D46DE8}") = "Framework", "Framework", "{1A1EFC7F-F28C-34A7-91BD-26A153389058}"
EndProject
Project("{8BC9CEB8-8B4A-11D0-8D11-00A0C91BC942}") = "ALL_BUILD", "ALL_BUILD.vcxproj", "{DD82EACC-493B-33D0-930B-A643F50C43DA}"
	ProjectSection(ProjectDependencies) = postProject
		{A2F89574-7973-3083-836F-7DF44CE5B3F0} = {A2F89574-7973-3083-836F-7DF44CE5B3F0}
		{21905B05-8829-3D8B-B269-CEA7D2D37671} = {21905B05-8829-3D8B-B269-CEA7D2D37671}
	EndProjectSection
EndProject
Project("{8BC9CEB8-8B4A-11D0-8D11-00A0C91BC942}") = "INSTALL", "INSTALL.vcxproj", "{1DE38767-9EA0-3560-8DDB-628AC630D8C0}"
	ProjectSection(ProjectDependencies) = postProject
		{DD82EACC-493B-33D0-930B-A643F50C43DA} = {DD82EACC-493B-33D0-930B-A643F50C43DA}
		{A2F89574-7973-3083-836F-7DF44CE5B3F0} = {A2F89574-7973-3083-836F-7DF44CE5B3F0}
	EndProjectSection
EndProject
Project("{8BC9CEB8-8B4A-11D0-8D11-00A0C91BC942}") = "ZERO_CHECK", "..\..\\ZERO_CHECK.vcxproj", "{A2F89574-7973-3083-836F-7DF44CE5B3F0}"
	ProjectSection(ProjectDependencies) = postProject
	EndProjectSection
EndProject
Project("{8BC9CEB8-8B4A-11D0-8D11-00A0C91BC942}") = "asiAlgo", "..\asiAlgo\asiAlgo.vcxproj", "{5980D0B9-1BA1-3553-8BF2-50C02FA843B9}"
	ProjectSection(ProjectDependencies) = postProject
		{A2F89574-7973-3083-836F-7DF44CE5B3F0} = {A2F89574-7973-3083-836F-7DF44CE5B3F0}
	EndProjectSection
EndProject
Project("{8BC9CEB8-8B4A-11D0-8D11-00A0C91BC942}") = "asiData", "..\asiData\asiData.vcxproj", "{EE908CEE-E579-3C2B-917A-53BBB3B336C8}"
	ProjectSection(ProjectDependencies) = postProject
		{A2F89574-7973-3083-836F-7DF44CE5B3F0} = {A2F89574-7973-3083-836F-7DF44CE5B3F0}
		{5980D0B9-1BA1-3553-8BF2-50C02FA843B9} = {5980D0B9-1BA1-3553-8BF2-50C02FA843B9}
	EndProjectSection
EndProject
Project("{8BC9CEB8-8B4A-11D0-8D11-00A0C91BC942}") = "asiEngine", "..\asiEngine\asiEngine.vcxproj", "{2838C651-5920-3C41-AAF3-EAB63FEFFA51}"
	ProjectSection(ProjectDependencies) = postProject
		{A2F89574-7973-3083-836F-7DF44CE5B3F0} = {A2F89574-7973-3083-836F-7DF44CE5B3F0}
		{5980D0B9-1BA1-3553-8BF2-50C02FA843B9} = {5980D0B9-1BA1-3553-8BF2-50C02FA843B9}
		{EE908CEE-E579-3C2B-917A-53BBB3B336C8} = {EE908CEE-E579-3C2B-917A-53BBB3B336C8}
		{13F57342-D057-3DCC-8690-AB595D380CD6} = {13F57342-D057-3DCC-8690-AB595D380CD6}
	EndProjectSection
EndProject
Project("{8BC9CEB8-8B4A-11D0-8D11-00A0C91BC942}") = "asiTcl", "..\asiTcl\asiTcl.vcxproj", "{B33AB215-FCC7-36AE-956A-D71E66A2C9A3}"
	ProjectSection(ProjectDependencies) = postProject
		{A2F89574-7973-3083-836F-7DF44CE5B3F0} = {A2F89574-7973-3083-836F-7DF44CE5B3F0}
		{5980D0B9-1BA1-3553-8BF2-50C02FA843B9} = {5980D0B9-1BA1-3553-8BF2-50C02FA843B9}
	EndProjectSection
EndProject
Project("{8BC9CEB8-8B4A-11D0-8D11-00A0C91BC942}") = "asiUI", "..\asiUI\asiUI.vcxproj", "{3446ED25-23BB-359B-B0C6-5DEC3CFF26DA}"
	ProjectSection(ProjectDependencies) = postProject
		{A2F89574-7973-3083-836F-7DF44CE5B3F0} = {A2F89574-7973-3083-836F-7DF44CE5B3F0}
		{5980D0B9-1BA1-3553-8BF2-50C02FA843B9} = {5980D0B9-1BA1-3553-8BF2-50C02FA843B9}
		{EE908CEE-E579-3C2B-917A-53BBB3B336C8} = {EE908CEE-E579-3C2B-917A-53BBB3B336C8}
		{2838C651-5920-3C41-AAF3-EAB63FEFFA51} = {2838C651-5920-3C41-AAF3-EAB63FEFFA51}
		{B33AB215-FCC7-36AE-956A-D71E66A2C9A3} = {B33AB215-FCC7-36AE-956A-D71E66A2C9A3}
		{13F57342-D057-3DCC-8690-AB595D380CD6} = {13F57342-D057-3DCC-8690-AB595D380CD6}
	EndProjectSection
EndProject
Project("{8BC9CEB8-8B4A-11D0-8D11-00A0C91BC942}") = "asiVisu", "..\asiVisu\asiVisu.vcxproj", "{13F57342-D057-3DCC-8690-AB595D380CD6}"
	ProjectSection(ProjectDependencies) = postProject
		{A2F89574-7973-3083-836F-7DF44CE5B3F0} = {A2F89574-7973-3083-836F-7DF44CE5B3F0}
		{5980D0B9-1BA1-3553-8BF2-50C02FA843B9} = {5980D0B9-1BA1-3553-8BF2-50C02FA843B9}
		{EE908CEE-E579-3C2B-917A-53BBB3B336C8} = {EE908CEE-E579-3C2B-917A-53BBB3B336C8}
	EndProjectSection
EndProject
Project("{8BC9CEB8-8B4A-11D0-8D11-00A0C91BC942}") = "cmdEngine", "cmdEngine.vcxproj", "{21905B05-8829-3D8B-B269-CEA7D2D37671}"
	ProjectSection(ProjectDependencies) = postProject
		{A2F89574-7973-3083-836F-7DF44CE5B3F0} = {A2F89574-7973-3083-836F-7DF44CE5B3F0}
		{5980D0B9-1BA1-3553-8BF2-50C02FA843B9} = {5980D0B9-1BA1-3553-8BF2-50C02FA843B9}
		{EE908CEE-E579-3C2B-917A-53BBB3B336C8} = {EE908CEE-E579-3C2B-917A-53BBB3B336C8}
		{2838C651-5920-3C41-AAF3-EAB63FEFFA51} = {2838C651-5920-3C41-AAF3-EAB63FEFFA51}
		{B33AB215-FCC7-36AE-956A-D71E66A2C9A3} = {B33AB215-FCC7-36AE-956A-D71E66A2C9A3}
		{3446ED25-23BB-359B-B0C6-5DEC3CFF26DA} = {3446ED25-23BB-359B-B0C6-5DEC3CFF26DA}
		{13F57342-D057-3DCC-8690-AB595D380CD6} = {13F57342-D057-3DCC-8690-AB595D380CD6}
	EndProjectSection
EndProject
Global
	GlobalSection(SolutionConfigurationPlatforms) = preSolution
		Release|x64 = Release|x64
		Debug|x64 = Debug|x64
		RelWithDebInfo|x64 = RelWithDebInfo|x64
	EndGlobalSection
	GlobalSection(ProjectConfigurationPlatforms) = postSolution
		{DD82EACC-493B-33D0-930B-A643F50C43DA}.Release|x64.ActiveCfg = Release|x64
		{DD82EACC-493B-33D0-930B-A643F50C43DA}.Release|x64.Build.0 = Release|x64
		{DD82EACC-493B-33D0-930B-A643F50C43DA}.Debug|x64.ActiveCfg = Debug|x64
		{DD82EACC-493B-33D0-930B-A643F50C43DA}.Debug|x64.Build.0 = Debug|x64
		{DD82EACC-493B-33D0-930B-A643F50C43DA}.RelWithDebInfo|x64.ActiveCfg = RelWithDebInfo|x64
		{DD82EACC-493B-33D0-930B-A643F50C43DA}.RelWithDebInfo|x64.Build.0 = RelWithDebInfo|x64
		{1DE38767-9EA0-3560-8DDB-628AC630D8C0}.Release|x64.ActiveCfg = Release|x64
		{1DE38767-9EA0-3560-8DDB-628AC630D8C0}.Debug|x64.ActiveCfg = Debug|x64
		{1DE38767-9EA0-3560-8DDB-628AC630D8C0}.RelWithDebInfo|x64.ActiveCfg = RelWithDebInfo|x64
		{A2F89574-7973-3083-836F-7DF44CE5B3F0}.Release|x64.ActiveCfg = Release|x64
		{A2F89574-7973-3083-836F-7DF44CE5B3F0}.Release|x64.Build.0 = Release|x64
		{A2F89574-7973-3083-836F-7DF44CE5B3F0}.Debug|x64.ActiveCfg = Debug|x64
		{A2F89574-7973-3083-836F-7DF44CE5B3F0}.Debug|x64.Build.0 = Debug|x64
		{A2F89574-7973-3083-836F-7DF44CE5B3F0}.RelWithDebInfo|x64.ActiveCfg = RelWithDebInfo|x64
		{A2F89574-7973-3083-836F-7DF44CE5B3F0}.RelWithDebInfo|x64.Build.0 = RelWithDebInfo|x64
		{5980D0B9-1BA1-3553-8BF2-50C02FA843B9}.Release|x64.ActiveCfg = Release|x64
		{5980D0B9-1BA1-3553-8BF2-50C02FA843B9}.Release|x64.Build.0 = Release|x64
		{5980D0B9-1BA1-3553-8BF2-50C02FA843B9}.Debug|x64.ActiveCfg = Debug|x64
		{5980D0B9-1BA1-3553-8BF2-50C02FA843B9}.Debug|x64.Build.0 = Debug|x64
		{5980D0B9-1BA1-3553-8BF2-50C02FA843B9}.RelWithDebInfo|x64.ActiveCfg = RelWithDebInfo|x64
		{5980D0B9-1BA1-3553-8BF2-50C02FA843B9}.RelWithDebInfo|x64.Build.0 = RelWithDebInfo|x64
		{EE908CEE-E579-3C2B-917A-53BBB3B336C8}.Release|x64.ActiveCfg = Release|x64
		{EE908CEE-E579-3C2B-917A-53BBB3B336C8}.Release|x64.Build.0 = Release|x64
		{EE908CEE-E579-3C2B-917A-53BBB3B336C8}.Debug|x64.ActiveCfg = Debug|x64
		{EE908CEE-E579-3C2B-917A-53BBB3B336C8}.Debug|x64.Build.0 = Debug|x64
		{EE908CEE-E579-3C2B-917A-53BBB3B336C8}.RelWithDebInfo|x64.ActiveCfg = RelWithDebInfo|x64
		{EE908CEE-E579-3C2B-917A-53BBB3B336C8}.RelWithDebInfo|x64.Build.0 = RelWithDebInfo|x64
		{2838C651-5920-3C41-AAF3-EAB63FEFFA51}.Release|x64.ActiveCfg = Release|x64
		{2838C651-5920-3C41-AAF3-EAB63FEFFA51}.Release|x64.Build.0 = Release|x64
		{2838C651-5920-3C41-AAF3-EAB63FEFFA51}.Debug|x64.ActiveCfg = Debug|x64
		{2838C651-5920-3C41-AAF3-EAB63FEFFA51}.Debug|x64.Build.0 = Debug|x64
		{2838C651-5920-3C41-AAF3-EAB63FEFFA51}.RelWithDebInfo|x64.ActiveCfg = RelWithDebInfo|x64
		{2838C651-5920-3C41-AAF3-EAB63FEFFA51}.RelWithDebInfo|x64.Build.0 = RelWithDebInfo|x64
		{B33AB215-FCC7-36AE-956A-D71E66A2C9A3}.Release|x64.ActiveCfg = Release|x64
		{B33AB215-FCC7-36AE-956A-D71E66A2C9A3}.Release|x64.Build.0 = Release|x64
		{B33AB215-FCC7-36AE-956A-D71E66A2C9A3}.Debug|x64.ActiveCfg = Debug|x64
		{B33AB215-FCC7-36AE-956A-D71E66A2C9A3}.Debug|x64.Build.0 = Debug|x64
		{B33AB215-FCC7-36AE-956A-D71E66A2C9A3}.RelWithDebInfo|x64.ActiveCfg = RelWithDebInfo|x64
		{B33AB215-FCC7-36AE-956A-D71E66A2C9A3}.RelWithDebInfo|x64.Build.0 = RelWithDebInfo|x64
		{3446ED25-23BB-359B-B0C6-5DEC3CFF26DA}.Release|x64.ActiveCfg = Release|x64
		{3446ED25-23BB-359B-B0C6-5DEC3CFF26DA}.Release|x64.Build.0 = Release|x64
		{3446ED25-23BB-359B-B0C6-5DEC3CFF26DA}.Debug|x64.ActiveCfg = Debug|x64
		{3446ED25-23BB-359B-B0C6-5DEC3CFF26DA}.Debug|x64.Build.0 = Debug|x64
		{3446ED25-23BB-359B-B0C6-5DEC3CFF26DA}.RelWithDebInfo|x64.ActiveCfg = RelWithDebInfo|x64
		{3446ED25-23BB-359B-B0C6-5DEC3CFF26DA}.RelWithDebInfo|x64.Build.0 = RelWithDebInfo|x64
		{13F57342-D057-3DCC-8690-AB595D380CD6}.Release|x64.ActiveCfg = Release|x64
		{13F57342-D057-3DCC-8690-AB595D380CD6}.Release|x64.Build.0 = Release|x64
		{13F57342-D057-3DCC-8690-AB595D380CD6}.Debug|x64.ActiveCfg = Debug|x64
		{13F57342-D057-3DCC-8690-AB595D380CD6}.Debug|x64.Build.0 = Debug|x64
		{13F57342-D057-3DCC-8690-AB595D380CD6}.RelWithDebInfo|x64.ActiveCfg = RelWithDebInfo|x64
		{13F57342-D057-3DCC-8690-AB595D380CD6}.RelWithDebInfo|x64.Build.0 = RelWithDebInfo|x64
		{21905B05-8829-3D8B-B269-CEA7D2D37671}.Release|x64.ActiveCfg = Release|x64
		{21905B05-8829-3D8B-B269-CEA7D2D37671}.Release|x64.Build.0 = Release|x64
		{21905B05-8829-3D8B-B269-CEA7D2D37671}.Debug|x64.ActiveCfg = Debug|x64
		{21905B05-8829-3D8B-B269-CEA7D2D37671}.Debug|x64.Build.0 = Debug|x64
		{21905B05-8829-3D8B-B269-CEA7D2D37671}.RelWithDebInfo|x64.ActiveCfg = RelWithDebInfo|x64
		{21905B05-8829-3D8B-B269-CEA7D2D37671}.RelWithDebInfo|x64.Build.0 = RelWithDebInfo|x64
	EndGlobalSection
	GlobalSection(NestedProjects) = preSolution
		{B33AB215-FCC7-36AE-956A-D71E66A2C9A3} = {AE7D795A-63E1-3FEB-9AFC-5769CFAC715E}
		{DD82EACC-493B-33D0-930B-A643F50C43DA} = {B29C7DC2-070A-3CFB-B8AE-73CCFD200A83}
		{1DE38767-9EA0-3560-8DDB-628AC630D8C0} = {B29C7DC2-070A-3CFB-B8AE-73CCFD200A83}
		{A2F89574-7973-3083-836F-7DF44CE5B3F0} = {B29C7DC2-070A-3CFB-B8AE-73CCFD200A83}
		{21905B05-8829-3D8B-B269-CEA7D2D37671} = {581F4C1D-5A9D-384D-BE72-B69BD0642522}
		{5980D0B9-1BA1-3553-8BF2-50C02FA843B9} = {1A1EFC7F-F28C-34A7-91BD-26A153389058}
		{EE908CEE-E579-3C2B-917A-53BBB3B336C8} = {1A1EFC7F-F28C-34A7-91BD-26A153389058}
		{2838C651-5920-3C41-AAF3-EAB63FEFFA51} = {1A1EFC7F-F28C-34A7-91BD-26A153389058}
		{3446ED25-23BB-359B-B0C6-5DEC3CFF26DA} = {1A1EFC7F-F28C-34A7-91BD-26A153389058}
		{13F57342-D057-3DCC-8690-AB595D380CD6} = {1A1EFC7F-F28C-34A7-91BD-26A153389058}
	EndGlobalSection
	GlobalSection(ExtensibilityGlobals) = postSolution
		SolutionGuid = {E40485FC-FCFA-3E9D-994A-3502112F914D}
	EndGlobalSection
	GlobalSection(ExtensibilityAddIns) = postSolution
	EndGlobalSection
EndGlobal
